github.com/goccy/go-json v0.10.0 h1:mXKd9Qw4NuzShiRlOXKews24ufknHO7gx30lsDyokKA=
github.com/goccy/go-json v0.10.0/go.mod h1:6MelG93GURQebXPDq3khkgXZkazVtN9CRI+MGFi0w8I=
github.com/zalgonoise/attr v0.0.0-20221210213709-1dd235ad9234 h1:pEMFOY9C3I//Sow2m8dFVfajewG3VEvy030Ff5njFNU=
github.com/zalgonoise/attr v0.0.0-20221210213709-1dd235ad9234/go.mod h1:AJnYvJHd3CA3CWDK/XTzHqENx1M6Jc+riBrp7myrm8o=
github.com/zalgonoise/logx v0.0.0-20221204231347-1b448b9d61b4 h1:5EEb9aS41hddmsoXLXvE1dOi7wysEmZqoQTTUbuRPhg=
github.com/zalgonoise/logx v0.0.0-20221204231347-1b448b9d61b4/go.mod h1:ZP1D2HrYAkzTrr6BSYtOLYtTX7qLpdKfeQV0vRPvmS8=
github.com/zalgonoise/logx v0.0.0-20221210214610-c003c0f931be h1:ba6thk6xk6aWTGx0EshutbMf8bx6S20E3XQJBpvrQmk=
github.com/zalgonoise/logx v0.0.0-20221210214610-c003c0f931be/go.mod h1:H1GvFfv7qC2rtnOLO49lHOHa8fsS6w0cjYhxw9/WamQ=
