github.com/golang/protobuf v1.5.0/go.mod h1:FsONVRAS9T7sI+LIUmWTfcYkHO4aIWwzhcaSAoJOfIk=
github.com/google/go-cmp v0.5.5/go.mod h1:v8dTdLbMG2kIc/vJvl+f65V22dbkXbowE6jgT/gNBxE=
github.com/zalgonoise/cur v0.0.0-20221228011751-cdba7832420f h1:E8Jhx3jt20u6OZ9CNgoz/h1OfuxinQDashwlA0/yxOk=
github.com/zalgonoise/cur v0.0.0-20221228011751-cdba7832420f/go.mod h1:nCikzsmXk+xXZS7tk0Q4wA6H5rYMqopV8C5dM0DuUeE=
github.com/zalgonoise/gio v0.0.0-20221231224511-990149dd48ad h1:rv93oyGpIyLYOzo8HFjBtpHejlnPagQjqU/mAPoMLmI=
github.com/zalgonoise/gio v0.0.0-20221231224511-990149dd48ad/go.mod h1:nhc82H2KvRf8/28o3RGBnJM/k7NapcDGPegqGIOqATY=
github.com/zalgonoise/lex v0.0.0-20230210133743-771cae9540b7 h1:0oKoHdbDXnujmZWNVoDfLlNE1PLB/SYqWkTN19x0sYw=
github.com/zalgonoise/lex v0.0.0-20230210133743-771cae9540b7/go.mod h1:iX2pTl/kiQb7RVQvS/8WgnzcVWG0igsGhwObKvnwjfU=
github.com/zalgonoise/parse v0.0.0-20230210135117-8caf35dfc5d5 h1:EBgljXGafLZA4PqRdmtHBzSlShSXp/XizEqBfFOEbSM=
github.com/zalgonoise/parse v0.0.0-20230210135117-8caf35dfc5d5/go.mod h1:gN5pXQ+VmE3Jmy4/gPhgD+4gEisXfMpuDrjHb1eertI=
github.com/zalgonoise/x/conv v0.0.0-20230209152649-73289c5fa3c9 h1:t9gbOmCj6AjbgtGAHV4CM4VW37PCjvG7UVUe9o9PRIw=
github.com/zalgonoise/x/conv v0.0.0-20230209152649-73289c5fa3c9/go.mod h1:5kGysZK9eVX8k9G6F3uA+14BvYNboF/pHPR+hge5f14=
golang.org/x/xerrors v0.0.0-20191204190536-9bdfabe68543/go.mod h1:I/5z698sn9Ka8TeJc9MKroUUfqBBauWjQqLJ2OPfmY0=
google.golang.org/protobuf v1.26.0-rc.1/go.mod h1:jlhhOSvTdKEhbULTjvd4ARK9grFBp09yW+WbY/TyQbw=
google.golang.org/protobuf v1.28.1 h1:d0NfwRgPtno5B1Wa6L2DAG+KivqkdutMf1UhdNx175w=
google.golang.org/protobuf v1.28.1/go.mod h1:HV8QOd/L58Z+nl8r43ehVNZIU/HEI6OcFqwMG9pJV4I=
