github.com/zalgonoise/cur v0.0.0-20221228011751-cdba7832420f h1:E8Jhx3jt20u6OZ9CNgoz/h1OfuxinQDashwlA0/yxOk=
github.com/zalgonoise/cur v0.0.0-20221228011751-cdba7832420f/go.mod h1:nCikzsmXk+xXZS7tk0Q4wA6H5rYMqopV8C5dM0DuUeE=
github.com/zalgonoise/gbuf v0.0.0-20230101003923-5929d4c4a7d0 h1:bQ3SemLQGVTXbrXoHDEuGAL4Sh6Qqu5sNna/392oHMU=
github.com/zalgonoise/gbuf v0.0.0-20230101003923-5929d4c4a7d0/go.mod h1:84a9vj5Aqaa3bSYf2Woek/20VV0UauZf6CabYdJaCYM=
github.com/zalgonoise/gio v0.0.0-20221231224511-990149dd48ad h1:rv93oyGpIyLYOzo8HFjBtpHejlnPagQjqU/mAPoMLmI=
github.com/zalgonoise/gio v0.0.0-20221231224511-990149dd48ad/go.mod h1:nhc82H2KvRf8/28o3RGBnJM/k7NapcDGPegqGIOqATY=
github.com/zalgonoise/lex v0.0.0-20230205200406-82d28bf775a2 h1:DFEHl4lQnF2KhaHPkeoFpzNGsEigI/ZXvxdsHFbih60=
github.com/zalgonoise/lex v0.0.0-20230205200406-82d28bf775a2/go.mod h1:iX2pTl/kiQb7RVQvS/8WgnzcVWG0igsGhwObKvnwjfU=
github.com/zalgonoise/parse v0.0.0-20230205181257-0ceebea8442c h1:RdPk18SfKNETQekk/TyzvUGBbPEp3UcnbBbI6R+SZso=
github.com/zalgonoise/parse v0.0.0-20230205181257-0ceebea8442c/go.mod h1:qjsAgDilaLVnrstcyrgm0MEbL147du4hO24LfYEiMqI=
github.com/zalgonoise/x/conv v0.0.0-20230209152649-73289c5fa3c9 h1:t9gbOmCj6AjbgtGAHV4CM4VW37PCjvG7UVUe9o9PRIw=
github.com/zalgonoise/x/conv v0.0.0-20230209152649-73289c5fa3c9/go.mod h1:5kGysZK9eVX8k9G6F3uA+14BvYNboF/pHPR+hge5f14=
