github.com/goccy/go-json v0.10.0 h1:mXKd9Qw4NuzShiRlOXKews24ufknHO7gx30lsDyokKA=
github.com/goccy/go-json v0.10.0/go.mod h1:6MelG93GURQebXPDq3khkgXZkazVtN9CRI+MGFi0w8I=
github.com/zalgonoise/attr v0.0.0-20221218020548-25d0939ced5d h1:FQmuKnqJefm/vZV0nYJ/cBElgros1Q9nRD41GflLULY=
github.com/zalgonoise/attr v0.0.0-20221218020548-25d0939ced5d/go.mod h1:AJnYvJHd3CA3CWDK/XTzHqENx1M6Jc+riBrp7myrm8o=
github.com/zalgonoise/gbuf v0.0.0-20230301225204-a38f80b049c6 h1:+ix98ulSJJst6xGBIMb+VALNaf8PV/4Dpa1FC8NBBkU=
github.com/zalgonoise/gbuf v0.0.0-20230301225204-a38f80b049c6/go.mod h1:4sHJlRBmY2K5qsEtdKD7gSYiWAzQjMKwWo7vpkyNUjc=
github.com/zalgonoise/gio v0.0.0-20230218185031-8677e096e5b0 h1:44zHj6dgTnGhtGRrVaiBoDu3R5H4+sJT0geLPNIdkZE=
github.com/zalgonoise/gio v0.0.0-20230218185031-8677e096e5b0/go.mod h1:nhc82H2KvRf8/28o3RGBnJM/k7NapcDGPegqGIOqATY=
github.com/zalgonoise/logx v0.0.0-20221218020805-7893cc3cdef2 h1:sKUwtJlsw+Dt7zpl9QyZ9NAmJ3bqIyPQewlSkXIujpI=
github.com/zalgonoise/logx v0.0.0-20221218020805-7893cc3cdef2/go.mod h1:BhECNvhwwHrppvvIXkE9ctO3afT6zPMduw3lI2rbLyk=
