github.com/davecgh/go-spew v1.1.1 h1:vj9j/u1bqnvCEfJOwUhtlOARqs3+rkHYY13jYWTU97c=
github.com/davecgh/go-spew v1.1.1/go.mod h1:J7Y8YcW2NihsgmVo/mv3lAwl/skON4iLHjSsI+c5H38=
github.com/pmezard/go-difflib v1.0.0 h1:4DBwDE0NGyQoBHbLQYPwSUPoCMWR5BEzIk/f1lZbAQM=
github.com/pmezard/go-difflib v1.0.0/go.mod h1:iKH77koFhYxTK1pcRnkKkqfTogsbg7gZNVY4sRDYZ/4=
github.com/stretchr/testify v1.8.4 h1:CcVxjf3Q8PM0mHUKJCdn+eZZtm5yQwehR5yeSVQQcUk=
github.com/stretchr/testify v1.8.4/go.mod h1:sz/lmYIOXD/1dqDmKjjqLyZ2RngseejIcXlSw2iwfAo=
github.com/zalgonoise/cfg v1.0.0 h1:clcY7XrNtp6tkLycyDSSq72mmxXv08jJtfpiE5fKwR8=
github.com/zalgonoise/cfg v1.0.0/go.mod h1:DQcS1/7atS+KAvDgA3DE0rFXsTWSV0/B8tbX7ZbqDog=
github.com/zalgonoise/x/cli v0.0.0-20241201114937-de6f239a75ae h1:UFtTlbu5skMZJAojXZDrLBiWcvYnV0yUJ+9x6L4KL10=
github.com/zalgonoise/x/cli v0.0.0-20241201114937-de6f239a75ae/go.mod h1:dRGdo9vd/EGZPa9zeJXC1gKCJbzOF1LtBSca9SUnERg=
github.com/zalgonoise/x/errs v0.0.0-20241129174048-280067829692 h1:boUPfDjH7anwHVH6IWwnJdP0U/GAf0SDtHrFaH/Td/4=
github.com/zalgonoise/x/errs v0.0.0-20241129174048-280067829692/go.mod h1:4sQ1JRAlCcFLA+uinQlBZIpdA+oN1zuusKW6iDdxDws=
gopkg.in/yaml.v3 v3.0.1 h1:fxVm/GzAzEWqLHuvctI91KS9hhNmmWOoWu0XTYJS7CA=
gopkg.in/yaml.v3 v3.0.1/go.mod h1:K4uyk7z7BCEPqu6E+C64Yfv1cQ7kz7rIZviUmN+EgEM=
