github.com/goccy/go-json v0.10.0 h1:mXKd9Qw4NuzShiRlOXKews24ufknHO7gx30lsDyokKA=
github.com/goccy/go-json v0.10.0/go.mod h1:6MelG93GURQebXPDq3khkgXZkazVtN9CRI+MGFi0w8I=
github.com/zalgonoise/cur v0.0.0-20221219004105-209a41aa8a41 h1:hiQ4ENlqEk+kNO98Lgkge4+a2SexIV93lhAw6cjxHVs=
github.com/zalgonoise/cur v0.0.0-20221219004105-209a41aa8a41/go.mod h1:nCikzsmXk+xXZS7tk0Q4wA6H5rYMqopV8C5dM0DuUeE=
