github.com/goccy/go-json v0.10.0 h1:mXKd9Qw4NuzShiRlOXKews24ufknHO7gx30lsDyokKA=
github.com/goccy/go-json v0.10.0/go.mod h1:6MelG93GURQebXPDq3khkgXZkazVtN9CRI+MGFi0w8I=
github.com/golang-jwt/jwt v3.2.2+incompatible h1:IfV12K8xAKAnZqdXVzCZ+TOjboZ2keLg81eXfW3O+oY=
github.com/golang-jwt/jwt v3.2.2+incompatible/go.mod h1:8pz2t5EyA70fFQQSrl6XZXzqecmYZeUEB8OUGHkxJ+I=
github.com/google/uuid v1.3.0 h1:t6JiXgmwXMjEs8VusXIJk2BXHsn+wx8BZdTaoZ5fu7I=
github.com/google/uuid v1.3.0/go.mod h1:TIyPZe4MgqvfeYDBFedMoGGpEw/LqOeaOT+nhxU+yHo=
github.com/mattn/go-sqlite3 v1.14.16 h1:yOQRA0RpS5PFz/oikGwBEqvAWhWg5ufRz4ETLjwpU1Y=
github.com/mattn/go-sqlite3 v1.14.16/go.mod h1:2eHXhiwb8IkHr+BDWZGa96P6+rkvnG63S2DGjv9HUNg=
github.com/zalgonoise/attr v0.0.0-20221218020548-25d0939ced5d h1:FQmuKnqJefm/vZV0nYJ/cBElgros1Q9nRD41GflLULY=
github.com/zalgonoise/attr v0.0.0-20221218020548-25d0939ced5d/go.mod h1:AJnYvJHd3CA3CWDK/XTzHqENx1M6Jc+riBrp7myrm8o=
github.com/zalgonoise/logx v0.0.0-20221210214610-c003c0f931be h1:ba6thk6xk6aWTGx0EshutbMf8bx6S20E3XQJBpvrQmk=
github.com/zalgonoise/logx v0.0.0-20221210214610-c003c0f931be/go.mod h1:H1GvFfv7qC2rtnOLO49lHOHa8fsS6w0cjYhxw9/WamQ=
github.com/zalgonoise/spanner v0.0.0-20221218020729-6780005ee1f6 h1:lEVAaRJSf7M4AL+Ye0bG83EuU5YyXJjgqkzc/RA9nUs=
github.com/zalgonoise/spanner v0.0.0-20221218020729-6780005ee1f6/go.mod h1:zcjBm68rwWIPohFOeMhJWIlCvl3UZrSLn49hzAde99A=
github.com/zalgonoise/spanner v0.0.0-20230131182152-6e9c077fea4b h1:sMoXUl4wWXXTKG+ML6T3cztJPXqdGvp3Sw9gchGF6Fk=
github.com/zalgonoise/spanner v0.0.0-20230131182152-6e9c077fea4b/go.mod h1:zcjBm68rwWIPohFOeMhJWIlCvl3UZrSLn49hzAde99A=
github.com/zalgonoise/x/errors v0.0.0-20230129014217-13ba7fbf7808 h1:NULWMbUE3yPuXIdPx4CfX9xJiM80V5Fnfy1ZeYY3RY0=
github.com/zalgonoise/x/errors v0.0.0-20230129014217-13ba7fbf7808/go.mod h1:+jv4S3ON/Mgx1kol8frhcL6bJjXb0pRwCmMqH5ZJ/NE=
github.com/zalgonoise/x/errors v0.0.0-20230129211157-8454813f8bc7 h1:kjA2weCGyfufF4bg+AipOgebYl2HhGdTLLHCcfbz8wo=
github.com/zalgonoise/x/errors v0.0.0-20230129211157-8454813f8bc7/go.mod h1:+jv4S3ON/Mgx1kol8frhcL6bJjXb0pRwCmMqH5ZJ/NE=
github.com/zalgonoise/x/ghttp v0.0.0-20230114182139-01b85dedbf92 h1:zMPig9uN9vlGDu9y80L4iPyb2NWzz33Bw0qy52cZJA8=
github.com/zalgonoise/x/ghttp v0.0.0-20230114182139-01b85dedbf92/go.mod h1:iA+9dXCQwQmUNxAjwMSxk9JNvaK6IgHHQpHRHip28oY=
github.com/zalgonoise/x/ghttp v0.0.0-20230128165119-124113b62650 h1:UP9uivG1KSceJbWuwpPMsqu1BRzbe0AYdwTs7WVwqoE=
github.com/zalgonoise/x/ghttp v0.0.0-20230128165119-124113b62650/go.mod h1:iA+9dXCQwQmUNxAjwMSxk9JNvaK6IgHHQpHRHip28oY=
github.com/zalgonoise/x/ghttp v0.0.0-20230129000120-e397457a4020 h1:sPXBbz0igN9xLNvHilCraq4OCm9DcfkklSZFtR142zg=
github.com/zalgonoise/x/ghttp v0.0.0-20230129000120-e397457a4020/go.mod h1:iA+9dXCQwQmUNxAjwMSxk9JNvaK6IgHHQpHRHip28oY=
github.com/zalgonoise/x/ghttp v0.0.0-20230131182724-13b358bfc0e1 h1:1zOlvAnSuzfRUACJlU+eLlaUIi6Rd8C2p0ghpaWXZj4=
github.com/zalgonoise/x/ghttp v0.0.0-20230131182724-13b358bfc0e1/go.mod h1:g0G01fukwAKOA3sJKpG2WCxy9wJxPUTqh+AtIw3f3kw=
github.com/zalgonoise/x/ptr v0.0.0-20230121174328-affab0dd1faa h1:H0fqQ2K/rZmRqwBSNUDMuA7HOjJMxwFTW+1Ogu520pk=
github.com/zalgonoise/x/ptr v0.0.0-20230121174328-affab0dd1faa/go.mod h1:8FJE6g42HqjHLVszmfbt6M25Rl5FdIKg93w+ob7bFWw=
go.etcd.io/bbolt v1.3.6 h1:/ecaJf0sk1l4l6V4awd65v2C3ILy7MSj+s/x1ADCIMU=
go.etcd.io/bbolt v1.3.6/go.mod h1:qXsaaIqmgQH0T+OPdb99Bf+PKfBBQVAdyD6TY9G8XM4=
golang.org/x/crypto v0.5.0 h1:U/0M97KRkSFvyD/3FSmdP5W5swImpNgle/EHFhOsQPE=
golang.org/x/crypto v0.5.0/go.mod h1:NK/OQwhpMQP3MwtdjgLlYHnH9ebylxKWv3e0fK+mkQU=
golang.org/x/exp v0.0.0-20221230185412-738e83a70c30 h1:m9O6OTJ627iFnN2JIWfdqlZCzneRO6EEBsHXI25P8ws=
golang.org/x/exp v0.0.0-20221230185412-738e83a70c30/go.mod h1:CxIveKay+FTh1D0yPZemJVgC/95VzuuOLq5Qi4xnoYc=
golang.org/x/sys v0.0.0-20200923182605-d9f96fdee20d/go.mod h1:h1NjWce9XRLGQEsW7wpKNCjG9DtNlClVuFLEZdDNbEs=
golang.org/x/sys v0.4.0 h1:Zr2JFtRQNX3BCZ8YtxRE9hNJYC8J6I1MVbMg6owUp18=
golang.org/x/sys v0.4.0/go.mod h1:oPkhp1MJrh7nUepCBck5+mAzfO9JrbApNNgaTdGDITg=
